// !$*UTF8*$!
{
	archiveVersion = 1;
	classes = {
	};
	objectVersion = 50;
	objects = {

/* Begin PBXBuildFile section */
		8FD320C3264315A2000BCBF8 /* ContentView.swift in Sources */ = {isa = PBXBuildFile; fileRef = 8FD320C2264315A2000BCBF8 /* ContentView.swift */; };
		8FD320C5264315A4000BCBF8 /* Assets.xcassets in Resources */ = {isa = PBXBuildFile; fileRef = 8FD320C4264315A4000BCBF8 /* Assets.xcassets */; };
		8FD320C8264315A4000BCBF8 /* Preview Assets.xcassets in Resources */ = {isa = PBXBuildFile; fileRef = 8FD320C7264315A4000BCBF8 /* Preview Assets.xcassets */; };
		8FD320D026431A14000BCBF8 /* CircleImage.swift in Sources */ = {isa = PBXBuildFile; fileRef = 8FD320CF26431A14000BCBF8 /* CircleImage.swift */; };
		8FD320D226431AB9000BCBF8 /* MapView.swift in Sources */ = {isa = PBXBuildFile; fileRef = 8FD320D126431AB9000BCBF8 /* MapView.swift */; };
		8FD320E326431D5B000BCBF8 /* LICENSE.txt in Resources */ = {isa = PBXBuildFile; fileRef = 8FD320D526431D5B000BCBF8 /* LICENSE.txt */; };
		8FD320E426431D5B000BCBF8 /* umbagog@2x.jpg in Resources */ = {isa = PBXBuildFile; fileRef = 8FD320D726431D5B000BCBF8 /* umbagog@2x.jpg */; };
		8FD320E526431D5B000BCBF8 /* twinlake@2x.jpg in Resources */ = {isa = PBXBuildFile; fileRef = 8FD320D826431D5B000BCBF8 /* twinlake@2x.jpg */; };
		8FD320E626431D5B000BCBF8 /* chincoteague@2x.jpg in Resources */ = {isa = PBXBuildFile; fileRef = 8FD320D926431D5B000BCBF8 /* chincoteague@2x.jpg */; };
		8FD320E726431D5B000BCBF8 /* lakemcdonald@2x.jpg in Resources */ = {isa = PBXBuildFile; fileRef = 8FD320DA26431D5B000BCBF8 /* lakemcdonald@2x.jpg */; };
		8FD320E826431D5B000BCBF8 /* silversalmoncreek@2x.jpg in Resources */ = {isa = PBXBuildFile; fileRef = 8FD320DB26431D5B000BCBF8 /* silversalmoncreek@2x.jpg */; };
		8FD320E926431D5B000BCBF8 /* icybay@2x.jpg in Resources */ = {isa = PBXBuildFile; fileRef = 8FD320DC26431D5B000BCBF8 /* icybay@2x.jpg */; };
		8FD320EA26431D5B000BCBF8 /* hiddenlake@2x.jpg in Resources */ = {isa = PBXBuildFile; fileRef = 8FD320DD26431D5B000BCBF8 /* hiddenlake@2x.jpg */; };
		8FD320EB26431D5B000BCBF8 /* chilkoottrail@2x.jpg in Resources */ = {isa = PBXBuildFile; fileRef = 8FD320DE26431D5B000BCBF8 /* chilkoottrail@2x.jpg */; };
		8FD320EC26431D5B000BCBF8 /* stmarylake@2x.jpg in Resources */ = {isa = PBXBuildFile; fileRef = 8FD320DF26431D5B000BCBF8 /* stmarylake@2x.jpg */; };
		8FD320ED26431D5B000BCBF8 /* charleyrivers@2x.jpg in Resources */ = {isa = PBXBuildFile; fileRef = 8FD320E026431D5B000BCBF8 /* charleyrivers@2x.jpg */; };
		8FD320EE26431D5B000BCBF8 /* rainbowlake@2x.jpg in Resources */ = {isa = PBXBuildFile; fileRef = 8FD320E126431D5B000BCBF8 /* rainbowlake@2x.jpg */; };
		8FD320EF26431D5B000BCBF8 /* landmarkData.json in Resources */ = {isa = PBXBuildFile; fileRef = 8FD320E226431D5B000BCBF8 /* landmarkData.json */; };
		8FD320F126431D6E000BCBF8 /* Landmark.swift in Sources */ = {isa = PBXBuildFile; fileRef = 8FD320F026431D6E000BCBF8 /* Landmark.swift */; };
		8FD320F326431EBE000BCBF8 /* ModelData.swift in Sources */ = {isa = PBXBuildFile; fileRef = 8FD320F226431EBE000BCBF8 /* ModelData.swift */; };
		8FD320F7264320B3000BCBF8 /* LandmarkRow.swift in Sources */ = {isa = PBXBuildFile; fileRef = 8FD320F6264320B2000BCBF8 /* LandmarkRow.swift */; };
		8FD320F92643225F000BCBF8 /* SwiftUI_PracticeApp.swift in Sources */ = {isa = PBXBuildFile; fileRef = 8FD320F82643225F000BCBF8 /* SwiftUI_PracticeApp.swift */; };
		8FD320FB26432360000BCBF8 /* LandmarkList.swift in Sources */ = {isa = PBXBuildFile; fileRef = 8FD320FA26432360000BCBF8 /* LandmarkList.swift */; };
/* End PBXBuildFile section */

/* Begin PBXFileReference section */
		8FD320BD264315A2000BCBF8 /* SwiftUI-Practice.app */ = {isa = PBXFileReference; explicitFileType = wrapper.application; includeInIndex = 0; path = "SwiftUI-Practice.app"; sourceTree = BUILT_PRODUCTS_DIR; };
		8FD320C2264315A2000BCBF8 /* ContentView.swift */ = {isa = PBXFileReference; lastKnownFileType = sourcecode.swift; path = ContentView.swift; sourceTree = "<group>"; };
		8FD320C4264315A4000BCBF8 /* Assets.xcassets */ = {isa = PBXFileReference; lastKnownFileType = folder.assetcatalog; path = Assets.xcassets; sourceTree = "<group>"; };
		8FD320C7264315A4000BCBF8 /* Preview Assets.xcassets */ = {isa = PBXFileReference; lastKnownFileType = folder.assetcatalog; path = "Preview Assets.xcassets"; sourceTree = "<group>"; };
		8FD320C9264315A4000BCBF8 /* Info.plist */ = {isa = PBXFileReference; lastKnownFileType = text.plist.xml; path = Info.plist; sourceTree = "<group>"; };
		8FD320CF26431A14000BCBF8 /* CircleImage.swift */ = {isa = PBXFileReference; lastKnownFileType = sourcecode.swift; path = CircleImage.swift; sourceTree = "<group>"; };
		8FD320D126431AB9000BCBF8 /* MapView.swift */ = {isa = PBXFileReference; lastKnownFileType = sourcecode.swift; path = MapView.swift; sourceTree = "<group>"; };
		8FD320D526431D5B000BCBF8 /* LICENSE.txt */ = {isa = PBXFileReference; fileEncoding = 4; lastKnownFileType = text; path = LICENSE.txt; sourceTree = "<group>"; };
		8FD320D726431D5B000BCBF8 /* umbagog@2x.jpg */ = {isa = PBXFileReference; lastKnownFileType = image.jpeg; path = "umbagog@2x.jpg"; sourceTree = "<group>"; };
		8FD320D826431D5B000BCBF8 /* twinlake@2x.jpg */ = {isa = PBXFileReference; lastKnownFileType = image.jpeg; path = "twinlake@2x.jpg"; sourceTree = "<group>"; };
		8FD320D926431D5B000BCBF8 /* chincoteague@2x.jpg */ = {isa = PBXFileReference; lastKnownFileType = image.jpeg; path = "chincoteague@2x.jpg"; sourceTree = "<group>"; };
		8FD320DA26431D5B000BCBF8 /* lakemcdonald@2x.jpg */ = {isa = PBXFileReference; lastKnownFileType = image.jpeg; path = "lakemcdonald@2x.jpg"; sourceTree = "<group>"; };
		8FD320DB26431D5B000BCBF8 /* silversalmoncreek@2x.jpg */ = {isa = PBXFileReference; lastKnownFileType = image.jpeg; path = "silversalmoncreek@2x.jpg"; sourceTree = "<group>"; };
		8FD320DC26431D5B000BCBF8 /* icybay@2x.jpg */ = {isa = PBXFileReference; lastKnownFileType = image.jpeg; path = "icybay@2x.jpg"; sourceTree = "<group>"; };
		8FD320DD26431D5B000BCBF8 /* hiddenlake@2x.jpg */ = {isa = PBXFileReference; lastKnownFileType = image.jpeg; path = "hiddenlake@2x.jpg"; sourceTree = "<group>"; };
		8FD320DE26431D5B000BCBF8 /* chilkoottrail@2x.jpg */ = {isa = PBXFileReference; lastKnownFileType = image.jpeg; path = "chilkoottrail@2x.jpg"; sourceTree = "<group>"; };
		8FD320DF26431D5B000BCBF8 /* stmarylake@2x.jpg */ = {isa = PBXFileReference; lastKnownFileType = image.jpeg; path = "stmarylake@2x.jpg"; sourceTree = "<group>"; };
		8FD320E026431D5B000BCBF8 /* charleyrivers@2x.jpg */ = {isa = PBXFileReference; lastKnownFileType = image.jpeg; path = "charleyrivers@2x.jpg"; sourceTree = "<group>"; };
		8FD320E126431D5B000BCBF8 /* rainbowlake@2x.jpg */ = {isa = PBXFileReference; lastKnownFileType = image.jpeg; path = "rainbowlake@2x.jpg"; sourceTree = "<group>"; };
		8FD320E226431D5B000BCBF8 /* landmarkData.json */ = {isa = PBXFileReference; fileEncoding = 4; lastKnownFileType = text.json; path = landmarkData.json; sourceTree = "<group>"; };
		8FD320F026431D6E000BCBF8 /* Landmark.swift */ = {isa = PBXFileReference; lastKnownFileType = sourcecode.swift; path = Landmark.swift; sourceTree = "<group>"; };
		8FD320F226431EBE000BCBF8 /* ModelData.swift */ = {isa = PBXFileReference; lastKnownFileType = sourcecode.swift; path = ModelData.swift; sourceTree = "<group>"; };
		8FD320F6264320B2000BCBF8 /* LandmarkRow.swift */ = {isa = PBXFileReference; lastKnownFileType = sourcecode.swift; path = LandmarkRow.swift; sourceTree = "<group>"; };
		8FD320F82643225F000BCBF8 /* SwiftUI_PracticeApp.swift */ = {isa = PBXFileReference; fileEncoding = 4; lastKnownFileType = sourcecode.swift; path = SwiftUI_PracticeApp.swift; sourceTree = "<group>"; };
		8FD320FA26432360000BCBF8 /* LandmarkList.swift */ = {isa = PBXFileReference; lastKnownFileType = sourcecode.swift; path = LandmarkList.swift; sourceTree = "<group>"; };
/* End PBXFileReference section */

/* Begin PBXFrameworksBuildPhase section */
		8FD320BA264315A2000BCBF8 /* Frameworks */ = {
			isa = PBXFrameworksBuildPhase;
			buildActionMask = 2147483647;
			files = (
			);
			runOnlyForDeploymentPostprocessing = 0;
		};
/* End PBXFrameworksBuildPhase section */

/* Begin PBXGroup section */
		8FD320B4264315A2000BCBF8 = {
			isa = PBXGroup;
			children = (
				8FD320F82643225F000BCBF8 /* SwiftUI_PracticeApp.swift */,
				8FD320F6264320B2000BCBF8 /* LandmarkRow.swift */,
				8FD320FA26432360000BCBF8 /* LandmarkList.swift */,
				8FD320BF264315A2000BCBF8 /* SwiftUI-Practice */,
				8FD320BE264315A2000BCBF8 /* Products */,
			);
			sourceTree = "<group>";
		};
		8FD320BE264315A2000BCBF8 /* Products */ = {
			isa = PBXGroup;
			children = (
				8FD320BD264315A2000BCBF8 /* SwiftUI-Practice.app */,
			);
			name = Products;
			sourceTree = "<group>";
		};
		8FD320BF264315A2000BCBF8 /* SwiftUI-Practice */ = {
			isa = PBXGroup;
			children = (
				8FD320F52643206B000BCBF8 /* Model */,
				8FD320F426432058000BCBF8 /* Views */,
				8FD320D326431D5B000BCBF8 /* Resources */,
				8FD320C4264315A4000BCBF8 /* Assets.xcassets */,
				8FD320C9264315A4000BCBF8 /* Info.plist */,
				8FD320C6264315A4000BCBF8 /* Preview Content */,
			);
			path = "SwiftUI-Practice";
			sourceTree = "<group>";
		};
		8FD320C6264315A4000BCBF8 /* Preview Content */ = {
			isa = PBXGroup;
			children = (
				8FD320C7264315A4000BCBF8 /* Preview Assets.xcassets */,
			);
			path = "Preview Content";
			sourceTree = "<group>";
		};
		8FD320D326431D5B000BCBF8 /* Resources */ = {
			isa = PBXGroup;
			children = (
				8FD320D426431D5B000BCBF8 /* LICENSE */,
				8FD320D626431D5B000BCBF8 /* Images */,
				8FD320E226431D5B000BCBF8 /* landmarkData.json */,
			);
			path = Resources;
			sourceTree = "<group>";
		};
		8FD320D426431D5B000BCBF8 /* LICENSE */ = {
			isa = PBXGroup;
			children = (
				8FD320D526431D5B000BCBF8 /* LICENSE.txt */,
			);
			path = LICENSE;
			sourceTree = "<group>";
		};
		8FD320D626431D5B000BCBF8 /* Images */ = {
			isa = PBXGroup;
			children = (
				8FD320D726431D5B000BCBF8 /* umbagog@2x.jpg */,
				8FD320D826431D5B000BCBF8 /* twinlake@2x.jpg */,
				8FD320D926431D5B000BCBF8 /* chincoteague@2x.jpg */,
				8FD320DA26431D5B000BCBF8 /* lakemcdonald@2x.jpg */,
				8FD320DB26431D5B000BCBF8 /* silversalmoncreek@2x.jpg */,
				8FD320DC26431D5B000BCBF8 /* icybay@2x.jpg */,
				8FD320DD26431D5B000BCBF8 /* hiddenlake@2x.jpg */,
				8FD320DE26431D5B000BCBF8 /* chilkoottrail@2x.jpg */,
				8FD320DF26431D5B000BCBF8 /* stmarylake@2x.jpg */,
				8FD320E026431D5B000BCBF8 /* charleyrivers@2x.jpg */,
				8FD320E126431D5B000BCBF8 /* rainbowlake@2x.jpg */,
			);
			path = Images;
			sourceTree = "<group>";
		};
		8FD320F426432058000BCBF8 /* Views */ = {
			isa = PBXGroup;
			children = (
				8FD320C2264315A2000BCBF8 /* ContentView.swift */,
				8FD320CF26431A14000BCBF8 /* CircleImage.swift */,
				8FD320D126431AB9000BCBF8 /* MapView.swift */,
			);
			path = Views;
			sourceTree = "<group>";
		};
		8FD320F52643206B000BCBF8 /* Model */ = {
			isa = PBXGroup;
			children = (
				8FD320F226431EBE000BCBF8 /* ModelData.swift */,
				8FD320F026431D6E000BCBF8 /* Landmark.swift */,
			);
			path = Model;
			sourceTree = "<group>";
		};
/* End PBXGroup section */

/* Begin PBXNativeTarget section */
		8FD320BC264315A2000BCBF8 /* SwiftUI-Practice */ = {
			isa = PBXNativeTarget;
			buildConfigurationList = 8FD320CC264315A4000BCBF8 /* Build configuration list for PBXNativeTarget "SwiftUI-Practice" */;
			buildPhases = (
				8FD320B9264315A2000BCBF8 /* Sources */,
				8FD320BA264315A2000BCBF8 /* Frameworks */,
				8FD320BB264315A2000BCBF8 /* Resources */,
			);
			buildRules = (
			);
			dependencies = (
			);
			name = "SwiftUI-Practice";
			productName = "SwiftUI-Practice";
			productReference = 8FD320BD264315A2000BCBF8 /* SwiftUI-Practice.app */;
			productType = "com.apple.product-type.application";
		};
/* End PBXNativeTarget section */

/* Begin PBXProject section */
		8FD320B5264315A2000BCBF8 /* Project object */ = {
			isa = PBXProject;
			attributes = {
				LastSwiftUpdateCheck = 1250;
				LastUpgradeCheck = 1250;
				TargetAttributes = {
					8FD320BC264315A2000BCBF8 = {
						CreatedOnToolsVersion = 12.5;
					};
				};
			};
			buildConfigurationList = 8FD320B8264315A2000BCBF8 /* Build configuration list for PBXProject "SwiftUI-Practice" */;
			compatibilityVersion = "Xcode 9.3";
			developmentRegion = en;
			hasScannedForEncodings = 0;
			knownRegions = (
				en,
				Base,
			);
			mainGroup = 8FD320B4264315A2000BCBF8;
			productRefGroup = 8FD320BE264315A2000BCBF8 /* Products */;
			projectDirPath = "";
			projectRoot = "";
			targets = (
				8FD320BC264315A2000BCBF8 /* SwiftUI-Practice */,
			);
		};
/* End PBXProject section */

/* Begin PBXResourcesBuildPhase section */
		8FD320BB264315A2000BCBF8 /* Resources */ = {
			isa = PBXResourcesBuildPhase;
			buildActionMask = 2147483647;
			files = (
				8FD320ED26431D5B000BCBF8 /* charleyrivers@2x.jpg in Resources */,
				8FD320E326431D5B000BCBF8 /* LICENSE.txt in Resources */,
				8FD320EA26431D5B000BCBF8 /* hiddenlake@2x.jpg in Resources */,
				8FD320E426431D5B000BCBF8 /* umbagog@2x.jpg in Resources */,
				8FD320EE26431D5B000BCBF8 /* rainbowlake@2x.jpg in Resources */,
				8FD320E926431D5B000BCBF8 /* icybay@2x.jpg in Resources */,
				8FD320E826431D5B000BCBF8 /* silversalmoncreek@2x.jpg in Resources */,
				8FD320C8264315A4000BCBF8 /* Preview Assets.xcassets in Resources */,
				8FD320EF26431D5B000BCBF8 /* landmarkData.json in Resources */,
				8FD320E526431D5B000BCBF8 /* twinlake@2x.jpg in Resources */,
				8FD320EC26431D5B000BCBF8 /* stmarylake@2x.jpg in Resources */,
				8FD320E726431D5B000BCBF8 /* lakemcdonald@2x.jpg in Resources */,
				8FD320EB26431D5B000BCBF8 /* chilkoottrail@2x.jpg in Resources */,
				8FD320C5264315A4000BCBF8 /* Assets.xcassets in Resources */,
				8FD320E626431D5B000BCBF8 /* chincoteague@2x.jpg in Resources */,
			);
			runOnlyForDeploymentPostprocessing = 0;
		};
/* End PBXResourcesBuildPhase section */

/* Begin PBXSourcesBuildPhase section */
		8FD320B9264315A2000BCBF8 /* Sources */ = {
			isa = PBXSourcesBuildPhase;
			buildActionMask = 2147483647;
			files = (
				8FD320C3264315A2000BCBF8 /* ContentView.swift in Sources */,
				8FD320D226431AB9000BCBF8 /* MapView.swift in Sources */,
				8FD320D026431A14000BCBF8 /* CircleImage.swift in Sources */,
				8FD320FB26432360000BCBF8 /* LandmarkList.swift in Sources */,
				8FD320F126431D6E000BCBF8 /* Landmark.swift in Sources */,
				8FD320F7264320B3000BCBF8 /* LandmarkRow.swift in Sources */,
				8FD320F92643225F000BCBF8 /* SwiftUI_PracticeApp.swift in Sources */,
				8FD320F326431EBE000BCBF8 /* ModelData.swift in Sources */,
			);
			runOnlyForDeploymentPostprocessing = 0;
		};
/* End PBXSourcesBuildPhase section */

/* Begin XCBuildConfiguration section */
		8FD320CA264315A4000BCBF8 /* Debug */ = {
			isa = XCBuildConfiguration;
			buildSettings = {
				ALWAYS_SEARCH_USER_PATHS = NO;
				CLANG_ANALYZER_NONNULL = YES;
				CLANG_ANALYZER_NUMBER_OBJECT_CONVERSION = YES_AGGRESSIVE;
				CLANG_CXX_LANGUAGE_STANDARD = "gnu++14";
				CLANG_CXX_LIBRARY = "libc++";
				CLANG_ENABLE_MODULES = YES;
				CLANG_ENABLE_OBJC_ARC = YES;
				CLANG_ENABLE_OBJC_WEAK = YES;
				CLANG_WARN_BLOCK_CAPTURE_AUTORELEASING = YES;
				CLANG_WARN_BOOL_CONVERSION = YES;
				CLANG_WARN_COMMA = YES;
				CLANG_WARN_CONSTANT_CONVERSION = YES;
				CLANG_WARN_DEPRECATED_OBJC_IMPLEMENTATIONS = YES;
				CLANG_WARN_DIRECT_OBJC_ISA_USAGE = YES_ERROR;
				CLANG_WARN_DOCUMENTATION_COMMENTS = YES;
				CLANG_WARN_EMPTY_BODY = YES;
				CLANG_WARN_ENUM_CONVERSION = YES;
				CLANG_WARN_INFINITE_RECURSION = YES;
				CLANG_WARN_INT_CONVERSION = YES;
				CLANG_WARN_NON_LITERAL_NULL_CONVERSION = YES;
				CLANG_WARN_OBJC_IMPLICIT_RETAIN_SELF = YES;
				CLANG_WARN_OBJC_LITERAL_CONVERSION = YES;
				CLANG_WARN_OBJC_ROOT_CLASS = YES_ERROR;
				CLANG_WARN_QUOTED_INCLUDE_IN_FRAMEWORK_HEADER = YES;
				CLANG_WARN_RANGE_LOOP_ANALYSIS = YES;
				CLANG_WARN_STRICT_PROTOTYPES = YES;
				CLANG_WARN_SUSPICIOUS_MOVE = YES;
				CLANG_WARN_UNGUARDED_AVAILABILITY = YES_AGGRESSIVE;
				CLANG_WARN_UNREACHABLE_CODE = YES;
				CLANG_WARN__DUPLICATE_METHOD_MATCH = YES;
				COPY_PHASE_STRIP = NO;
				DEBUG_INFORMATION_FORMAT = dwarf;
				ENABLE_STRICT_OBJC_MSGSEND = YES;
				ENABLE_TESTABILITY = YES;
				GCC_C_LANGUAGE_STANDARD = gnu11;
				GCC_DYNAMIC_NO_PIC = NO;
				GCC_NO_COMMON_BLOCKS = YES;
				GCC_OPTIMIZATION_LEVEL = 0;
				GCC_PREPROCESSOR_DEFINITIONS = (
					"DEBUG=1",
					"$(inherited)",
				);
				GCC_WARN_64_TO_32_BIT_CONVERSION = YES;
				GCC_WARN_ABOUT_RETURN_TYPE = YES_ERROR;
				GCC_WARN_UNDECLARED_SELECTOR = YES;
				GCC_WARN_UNINITIALIZED_AUTOS = YES_AGGRESSIVE;
				GCC_WARN_UNUSED_FUNCTION = YES;
				GCC_WARN_UNUSED_VARIABLE = YES;
				IPHONEOS_DEPLOYMENT_TARGET = 14.5;
				MTL_ENABLE_DEBUG_INFO = INCLUDE_SOURCE;
				MTL_FAST_MATH = YES;
				ONLY_ACTIVE_ARCH = YES;
				SDKROOT = iphoneos;
				SWIFT_ACTIVE_COMPILATION_CONDITIONS = DEBUG;
				SWIFT_OPTIMIZATION_LEVEL = "-Onone";
			};
			name = Debug;
		};
		8FD320CB264315A4000BCBF8 /* Release */ = {
			isa = XCBuildConfiguration;
			buildSettings = {
				ALWAYS_SEARCH_USER_PATHS = NO;
				CLANG_ANALYZER_NONNULL = YES;
				CLANG_ANALYZER_NUMBER_OBJECT_CONVERSION = YES_AGGRESSIVE;
				CLANG_CXX_LANGUAGE_STANDARD = "gnu++14";
				CLANG_CXX_LIBRARY = "libc++";
				CLANG_ENABLE_MODULES = YES;
				CLANG_ENABLE_OBJC_ARC = YES;
				CLANG_ENABLE_OBJC_WEAK = YES;
				CLANG_WARN_BLOCK_CAPTURE_AUTORELEASING = YES;
				CLANG_WARN_BOOL_CONVERSION = YES;
				CLANG_WARN_COMMA = YES;
				CLANG_WARN_CONSTANT_CONVERSION = YES;
				CLANG_WARN_DEPRECATED_OBJC_IMPLEMENTATIONS = YES;
				CLANG_WARN_DIRECT_OBJC_ISA_USAGE = YES_ERROR;
				CLANG_WARN_DOCUMENTATION_COMMENTS = YES;
				CLANG_WARN_EMPTY_BODY = YES;
				CLANG_WARN_ENUM_CONVERSION = YES;
				CLANG_WARN_INFINITE_RECURSION = YES;
				CLANG_WARN_INT_CONVERSION = YES;
				CLANG_WARN_NON_LITERAL_NULL_CONVERSION = YES;
				CLANG_WARN_OBJC_IMPLICIT_RETAIN_SELF = YES;
				CLANG_WARN_OBJC_LITERAL_CONVERSION = YES;
				CLANG_WARN_OBJC_ROOT_CLASS = YES_ERROR;
				CLANG_WARN_QUOTED_INCLUDE_IN_FRAMEWORK_HEADER = YES;
				CLANG_WARN_RANGE_LOOP_ANALYSIS = YES;
				CLANG_WARN_STRICT_PROTOTYPES = YES;
				CLANG_WARN_SUSPICIOUS_MOVE = YES;
				CLANG_WARN_UNGUARDED_AVAILABILITY = YES_AGGRESSIVE;
				CLANG_WARN_UNREACHABLE_CODE = YES;
				CLANG_WARN__DUPLICATE_METHOD_MATCH = YES;
				COPY_PHASE_STRIP = NO;
				DEBUG_INFORMATION_FORMAT = "dwarf-with-dsym";
				ENABLE_NS_ASSERTIONS = NO;
				ENABLE_STRICT_OBJC_MSGSEND = YES;
				GCC_C_LANGUAGE_STANDARD = gnu11;
				GCC_NO_COMMON_BLOCKS = YES;
				GCC_WARN_64_TO_32_BIT_CONVERSION = YES;
				GCC_WARN_ABOUT_RETURN_TYPE = YES_ERROR;
				GCC_WARN_UNDECLARED_SELECTOR = YES;
				GCC_WARN_UNINITIALIZED_AUTOS = YES_AGGRESSIVE;
				GCC_WARN_UNUSED_FUNCTION = YES;
				GCC_WARN_UNUSED_VARIABLE = YES;
				IPHONEOS_DEPLOYMENT_TARGET = 14.5;
				MTL_ENABLE_DEBUG_INFO = NO;
				MTL_FAST_MATH = YES;
				SDKROOT = iphoneos;
				SWIFT_COMPILATION_MODE = wholemodule;
				SWIFT_OPTIMIZATION_LEVEL = "-O";
				VALIDATE_PRODUCT = YES;
			};
			name = Release;
		};
		8FD320CD264315A4000BCBF8 /* Debug */ = {
			isa = XCBuildConfiguration;
			buildSettings = {
				ASSETCATALOG_COMPILER_APPICON_NAME = AppIcon;
				ASSETCATALOG_COMPILER_GLOBAL_ACCENT_COLOR_NAME = AccentColor;
				CODE_SIGN_STYLE = Automatic;
				DEVELOPMENT_ASSET_PATHS = "\"SwiftUI-Practice/Preview Content\"";
				ENABLE_PREVIEWS = YES;
				INFOPLIST_FILE = "SwiftUI-Practice/Info.plist";
				IPHONEOS_DEPLOYMENT_TARGET = 14.0;
				LD_RUNPATH_SEARCH_PATHS = (
					"$(inherited)",
					"@executable_path/Frameworks",
				);
				PRODUCT_BUNDLE_IDENTIFIER = "com.haero-kim.SwiftUI-Practice";
				PRODUCT_NAME = "$(TARGET_NAME)";
				SWIFT_VERSION = 5.0;
				TARGETED_DEVICE_FAMILY = "1,2";
			};
			name = Debug;
		};
		8FD320CE264315A4000BCBF8 /* Release */ = {
			isa = XCBuildConfiguration;
			buildSettings = {
				ASSETCATALOG_COMPILER_APPICON_NAME = AppIcon;
				ASSETCATALOG_COMPILER_GLOBAL_ACCENT_COLOR_NAME = AccentColor;
				CODE_SIGN_STYLE = Automatic;
				DEVELOPMENT_ASSET_PATHS = "\"SwiftUI-Practice/Preview Content\"";
				ENABLE_PREVIEWS = YES;
				INFOPLIST_FILE = "SwiftUI-Practice/Info.plist";
				IPHONEOS_DEPLOYMENT_TARGET = 14.0;
				LD_RUNPATH_SEARCH_PATHS = (
					"$(inherited)",
					"@executable_path/Frameworks",
				);
				PRODUCT_BUNDLE_IDENTIFIER = "com.haero-kim.SwiftUI-Practice";
				PRODUCT_NAME = "$(TARGET_NAME)";
				SWIFT_VERSION = 5.0;
				TARGETED_DEVICE_FAMILY = "1,2";
			};
			name = Release;
		};
/* End XCBuildConfiguration section */

/* Begin XCConfigurationList section */
		8FD320B8264315A2000BCBF8 /* Build configuration list for PBXProject "SwiftUI-Practice" */ = {
			isa = XCConfigurationList;
			buildConfigurations = (
				8FD320CA264315A4000BCBF8 /* Debug */,
				8FD320CB264315A4000BCBF8 /* Release */,
			);
			defaultConfigurationIsVisible = 0;
			defaultConfigurationName = Release;
		};
		8FD320CC264315A4000BCBF8 /* Build configuration list for PBXNativeTarget "SwiftUI-Practice" */ = {
			isa = XCConfigurationList;
			buildConfigurations = (
				8FD320CD264315A4000BCBF8 /* Debug */,
				8FD320CE264315A4000BCBF8 /* Release */,
			);
			defaultConfigurationIsVisible = 0;
			defaultConfigurationName = Release;
		};
/* End XCConfigurationList section */
	};
	rootObject = 8FD320B5264315A2000BCBF8 /* Project object */;
}
